
Microsoft Visual Studio Solution File, Format Version 12.00
# Visual Studio Version 16
VisualStudioVersion = 16.0.809.1
MinimumVisualStudioVersion = 10.0.40219.1
Project("{9A19103F-16F7-4668-BE54-9A1E7A4F7556}") = "Entities", "Entities\Entities.csproj", "{62188BF4-EF1B-4B2E-B099-10ADF71F4773}"
EndProject
Project("{9A19103F-16F7-4668-BE54-9A1E7A4F7556}") = "Core", "Core\Core.csproj", "{5E80DF8D-5CC3-41A4-BBD6-DED34C129EBA}"
EndProject
Project("{9A19103F-16F7-4668-BE54-9A1E7A4F7556}") = "Business", "Business\Business.csproj", "{DB9F8163-00E2-47C0-91BE-2CD38DE4DAB3}"
EndProject
Project("{9A19103F-16F7-4668-BE54-9A1E7A4F7556}") = "DataAccess", "DataAccess\DataAccess.csproj", "{BC011701-A20F-4EF5-A8EC-02189BBCC7E3}"
EndProject
Project("{9A19103F-16F7-4668-BE54-9A1E7A4F7556}") = "Console", "Console\Console.csproj", "{FAEF60B9-1ECB-4077-B47B-61B598AD81E8}"
EndProject
Project("{FAE04EC0-301F-11D3-BF4B-00C04F79EFBC}") = "WebAPI", "WebAPI\WebAPI.csproj", "{E6D58654-ED4C-44F9-8B60-04CD5346D076}"
EndProject
Global
	GlobalSection(SolutionConfigurationPlatforms) = preSolution
		Debug|Any CPU = Debug|Any CPU
		Release|Any CPU = Release|Any CPU
	EndGlobalSection
	GlobalSection(ProjectConfigurationPlatforms) = postSolution
		{62188BF4-EF1B-4B2E-B099-10ADF71F4773}.Debug|Any CPU.ActiveCfg = Debug|Any CPU
		{62188BF4-EF1B-4B2E-B099-10ADF71F4773}.Debug|Any CPU.Build.0 = Debug|Any CPU
		{62188BF4-EF1B-4B2E-B099-10ADF71F4773}.Release|Any CPU.ActiveCfg = Release|Any CPU
		{62188BF4-EF1B-4B2E-B099-10ADF71F4773}.Release|Any CPU.Build.0 = Release|Any CPU
		{5E80DF8D-5CC3-41A4-BBD6-DED34C129EBA}.Debug|Any CPU.ActiveCfg = Debug|Any CPU
		{5E80DF8D-5CC3-41A4-BBD6-DED34C129EBA}.Debug|Any CPU.Build.0 = Debug|Any CPU
		{5E80DF8D-5CC3-41A4-BBD6-DED34C129EBA}.Release|Any CPU.ActiveCfg = Release|Any CPU
		{5E80DF8D-5CC3-41A4-BBD6-DED34C129EBA}.Release|Any CPU.Build.0 = Release|Any CPU
		{DB9F8163-00E2-47C0-91BE-2CD38DE4DAB3}.Debug|Any CPU.ActiveCfg = Debug|Any CPU
		{DB9F8163-00E2-47C0-91BE-2CD38DE4DAB3}.Debug|Any CPU.Build.0 = Debug|Any CPU
		{DB9F8163-00E2-47C0-91BE-2CD38DE4DAB3}.Release|Any CPU.ActiveCfg = Release|Any CPU
		{DB9F8163-00E2-47C0-91BE-2CD38DE4DAB3}.Release|Any CPU.Build.0 = Release|Any CPU
		{BC011701-A20F-4EF5-A8EC-02189BBCC7E3}.Debug|Any CPU.ActiveCfg = Debug|Any CPU
		{BC011701-A20F-4EF5-A8EC-02189BBCC7E3}.Debug|Any CPU.Build.0 = Debug|Any CPU
		{BC011701-A20F-4EF5-A8EC-02189BBCC7E3}.Release|Any CPU.ActiveCfg = Release|Any CPU
		{BC011701-A20F-4EF5-A8EC-02189BBCC7E3}.Release|Any CPU.Build.0 = Release|Any CPU
		{FAEF60B9-1ECB-4077-B47B-61B598AD81E8}.Debug|Any CPU.ActiveCfg = Debug|Any CPU
		{FAEF60B9-1ECB-4077-B47B-61B598AD81E8}.Debug|Any CPU.Build.0 = Debug|Any CPU
		{FAEF60B9-1ECB-4077-B47B-61B598AD81E8}.Release|Any CPU.ActiveCfg = Release|Any CPU
		{FAEF60B9-1ECB-4077-B47B-61B598AD81E8}.Release|Any CPU.Build.0 = Release|Any CPU
		{E6D58654-ED4C-44F9-8B60-04CD5346D076}.Debug|Any CPU.ActiveCfg = Debug|Any CPU
		{E6D58654-ED4C-44F9-8B60-04CD5346D076}.Debug|Any CPU.Build.0 = Debug|Any CPU
		{E6D58654-ED4C-44F9-8B60-04CD5346D076}.Release|Any CPU.ActiveCfg = Release|Any CPU
		{E6D58654-ED4C-44F9-8B60-04CD5346D076}.Release|Any CPU.Build.0 = Release|Any CPU
	EndGlobalSection
	GlobalSection(SolutionProperties) = preSolution
		HideSolutionNode = FALSE
	EndGlobalSection
	GlobalSection(ExtensibilityGlobals) = postSolution
		SolutionGuid = {9B1E4A09-5363-4801-B4E1-476F7D697CFF}
	EndGlobalSection
EndGlobal
